
Microsoft Visual Studio Solution File, Format Version 12.00
# Visual Studio 14
VisualStudioVersion = 14.0.24720.0
MinimumVisualStudioVersion = 10.0.40219.1
Project("{FAE04EC0-301F-11D3-BF4B-00C04F79EFBC}") = "Domain", "Domain\Domain.csproj", "{073745A6-AEF8-4246-9155-4BD711C19AD1}"
EndProject
Project("{8BB2217D-0F2D-49D1-97BC-3654ED321F3B}") = "Web", "Web\Web.xproj", "{2D0F30B3-6FE3-4378-BAFA-836137030504}"
EndProject
Global
	GlobalSection(SolutionConfigurationPlatforms) = preSolution
		Debug|Any CPU = Debug|Any CPU
		Release|Any CPU = Release|Any CPU
	EndGlobalSection
	GlobalSection(ProjectConfigurationPlatforms) = postSolution
		{073745A6-AEF8-4246-9155-4BD711C19AD1}.Debug|Any CPU.ActiveCfg = Debug|Any CPU
		{073745A6-AEF8-4246-9155-4BD711C19AD1}.Debug|Any CPU.Build.0 = Debug|Any CPU
		{073745A6-AEF8-4246-9155-4BD711C19AD1}.Release|Any CPU.ActiveCfg = Release|Any CPU
		{073745A6-AEF8-4246-9155-4BD711C19AD1}.Release|Any CPU.Build.0 = Release|Any CPU
		{2D0F30B3-6FE3-4378-BAFA-836137030504}.Debug|Any CPU.ActiveCfg = Debug|Any CPU
		{2D0F30B3-6FE3-4378-BAFA-836137030504}.Debug|Any CPU.Build.0 = Debug|Any CPU
		{2D0F30B3-6FE3-4378-BAFA-836137030504}.Release|Any CPU.ActiveCfg = Release|Any CPU
		{2D0F30B3-6FE3-4378-BAFA-836137030504}.Release|Any CPU.Build.0 = Release|Any CPU
	EndGlobalSection
	GlobalSection(SolutionProperties) = preSolution
		HideSolutionNode = FALSE
	EndGlobalSection
EndGlobal
